// !$*UTF8*$!
{
	archiveVersion = 1;
	classes = {
	};
	objectVersion = 48;
	objects = {

/* Begin PBXBuildFile section */
		506091111FC7B69A00DA11C9 /* AppDelegate.m in Sources */ = {isa = PBXBuildFile; fileRef = 506091101FC7B69A00DA11C9 /* AppDelegate.m */; };
		506091141FC7B69A00DA11C9 /* ViewController.m in Sources */ = {isa = PBXBuildFile; fileRef = 506091131FC7B69A00DA11C9 /* ViewController.m */; };
		506091171FC7B69A00DA11C9 /* Main.storyboard in Resources */ = {isa = PBXBuildFile; fileRef = 506091151FC7B69A00DA11C9 /* Main.storyboard */; };
		506091191FC7B69A00DA11C9 /* Assets.xcassets in Resources */ = {isa = PBXBuildFile; fileRef = 506091181FC7B69A00DA11C9 /* Assets.xcassets */; };
		5060911C1FC7B69A00DA11C9 /* LaunchScreen.storyboard in Resources */ = {isa = PBXBuildFile; fileRef = 5060911A1FC7B69A00DA11C9 /* LaunchScreen.storyboard */; };
		5060911F1FC7B69A00DA11C9 /* main.m in Sources */ = {isa = PBXBuildFile; fileRef = 5060911E1FC7B69A00DA11C9 /* main.m */; };
		506091271FC7B6DD00DA11C9 /* UIControl+FF.m in Sources */ = {isa = PBXBuildFile; fileRef = 506091261FC7B6DD00DA11C9 /* UIControl+FF.m */; };
/* End PBXBuildFile section */

/* Begin PBXFileReference section */
		5060910C1FC7B69A00DA11C9 /* RuntimeButton.app */ = {isa = PBXFileReference; explicitFileType = wrapper.application; includeInIndex = 0; path = RuntimeButton.app; sourceTree = BUILT_PRODUCTS_DIR; };
		5060910F1FC7B69A00DA11C9 /* AppDelegate.h */ = {isa = PBXFileReference; lastKnownFileType = sourcecode.c.h; path = AppDelegate.h; sourceTree = "<group>"; };
		506091101FC7B69A00DA11C9 /* AppDelegate.m */ = {isa = PBXFileReference; lastKnownFileType = sourcecode.c.objc; path = AppDelegate.m; sourceTree = "<group>"; };
		506091121FC7B69A00DA11C9 /* ViewController.h */ = {isa = PBXFileReference; lastKnownFileType = sourcecode.c.h; path = ViewController.h; sourceTree = "<group>"; };
		506091131FC7B69A00DA11C9 /* ViewController.m */ = {isa = PBXFileReference; lastKnownFileType = sourcecode.c.objc; path = ViewController.m; sourceTree = "<group>"; };
		506091161FC7B69A00DA11C9 /* Base */ = {isa = PBXFileReference; lastKnownFileType = file.storyboard; name = Base; path = Base.lproj/Main.storyboard; sourceTree = "<group>"; };
		506091181FC7B69A00DA11C9 /* Assets.xcassets */ = {isa = PBXFileReference; lastKnownFileType = folder.assetcatalog; path = Assets.xcassets; sourceTree = "<group>"; };
		5060911B1FC7B69A00DA11C9 /* Base */ = {isa = PBXFileReference; lastKnownFileType = file.storyboard; name = Base; path = Base.lproj/LaunchScreen.storyboard; sourceTree = "<group>"; };
		5060911D1FC7B69A00DA11C9 /* Info.plist */ = {isa = PBXFileReference; lastKnownFileType = text.plist.xml; path = Info.plist; sourceTree = "<group>"; };
		5060911E1FC7B69A00DA11C9 /* main.m */ = {isa = PBXFileReference; lastKnownFileType = sourcecode.c.objc; path = main.m; sourceTree = "<group>"; };
		506091251FC7B6DD00DA11C9 /* UIControl+FF.h */ = {isa = PBXFileReference; fileEncoding = 4; lastKnownFileType = sourcecode.c.h; path = "UIControl+FF.h"; sourceTree = "<group>"; };
		506091261FC7B6DD00DA11C9 /* UIControl+FF.m */ = {isa = PBXFileReference; fileEncoding = 4; lastKnownFileType = sourcecode.c.objc; path = "UIControl+FF.m"; sourceTree = "<group>"; };
/* End PBXFileReference section */

/* Begin PBXFrameworksBuildPhase section */
		506091091FC7B69A00DA11C9 /* Frameworks */ = {
			isa = PBXFrameworksBuildPhase;
			buildActionMask = 2147483647;
			files = (
			);
			runOnlyForDeploymentPostprocessing = 0;
		};
/* End PBXFrameworksBuildPhase section */

/* Begin PBXGroup section */
		506091031FC7B69A00DA11C9 = {
			isa = PBXGroup;
			children = (
				5060910E1FC7B69A00DA11C9 /* RuntimeButton */,
				5060910D1FC7B69A00DA11C9 /* Products */,
			);
			sourceTree = "<group>";
		};
		5060910D1FC7B69A00DA11C9 /* Products */ = {
			isa = PBXGroup;
			children = (
				5060910C1FC7B69A00DA11C9 /* RuntimeButton.app */,
			);
			name = Products;
			sourceTree = "<group>";
		};
		5060910E1FC7B69A00DA11C9 /* RuntimeButton */ = {
			isa = PBXGroup;
			children = (
				5060910F1FC7B69A00DA11C9 /* AppDelegate.h */,
				506091101FC7B69A00DA11C9 /* AppDelegate.m */,
				506091121FC7B69A00DA11C9 /* ViewController.h */,
				506091131FC7B69A00DA11C9 /* ViewController.m */,
				506091251FC7B6DD00DA11C9 /* UIControl+FF.h */,
				506091261FC7B6DD00DA11C9 /* UIControl+FF.m */,
				506091151FC7B69A00DA11C9 /* Main.storyboard */,
				506091181FC7B69A00DA11C9 /* Assets.xcassets */,
				5060911A1FC7B69A00DA11C9 /* LaunchScreen.storyboard */,
				5060911D1FC7B69A00DA11C9 /* Info.plist */,
				5060911E1FC7B69A00DA11C9 /* main.m */,
			);
			path = RuntimeButton;
			sourceTree = "<group>";
		};
/* End PBXGroup section */

/* Begin PBXNativeTarget section */
		5060910B1FC7B69A00DA11C9 /* RuntimeButton */ = {
			isa = PBXNativeTarget;
			buildConfigurationList = 506091221FC7B69A00DA11C9 /* Build configuration list for PBXNativeTarget "RuntimeButton" */;
			buildPhases = (
				506091081FC7B69A00DA11C9 /* Sources */,
				506091091FC7B69A00DA11C9 /* Frameworks */,
				5060910A1FC7B69A00DA11C9 /* Resources */,
			);
			buildRules = (
			);
			dependencies = (
			);
			name = RuntimeButton;
			productName = RuntimeButton;
			productReference = 5060910C1FC7B69A00DA11C9 /* RuntimeButton.app */;
			productType = "com.apple.product-type.application";
		};
/* End PBXNativeTarget section */

/* Begin PBXProject section */
		506091041FC7B69A00DA11C9 /* Project object */ = {
			isa = PBXProject;
			attributes = {
				LastUpgradeCheck = 0910;
				ORGANIZATIONNAME = "范金龙";
				TargetAttributes = {
					5060910B1FC7B69A00DA11C9 = {
						CreatedOnToolsVersion = 9.1;
						ProvisioningStyle = Automatic;
					};
				};
			};
			buildConfigurationList = 506091071FC7B69A00DA11C9 /* Build configuration list for PBXProject "RuntimeButton" */;
			compatibilityVersion = "Xcode 8.0";
			developmentRegion = en;
			hasScannedForEncodings = 0;
			knownRegions = (
				en,
				Base,
			);
			mainGroup = 506091031FC7B69A00DA11C9;
			productRefGroup = 5060910D1FC7B69A00DA11C9 /* Products */;
			projectDirPath = "";
			projectRoot = "";
			targets = (
				5060910B1FC7B69A00DA11C9 /* RuntimeButton */,
			);
		};
/* End PBXProject section */

/* Begin PBXResourcesBuildPhase section */
		5060910A1FC7B69A00DA11C9 /* Resources */ = {
			isa = PBXResourcesBuildPhase;
			buildActionMask = 2147483647;
			files = (
				5060911C1FC7B69A00DA11C9 /* LaunchScreen.storyboard in Resources */,
				506091191FC7B69A00DA11C9 /* Assets.xcassets in Resources */,
				506091171FC7B69A00DA11C9 /* Main.storyboard in Resources */,
			);
			runOnlyForDeploymentPostprocessing = 0;
		};
/* End PBXResourcesBuildPhase section */

/* Begin PBXSourcesBuildPhase section */
		506091081FC7B69A00DA11C9 /* Sources */ = {
			isa = PBXSourcesBuildPhase;
			buildActionMask = 2147483647;
			files = (
				506091141FC7B69A00DA11C9 /* ViewController.m in Sources */,
				5060911F1FC7B69A00DA11C9 /* main.m in Sources */,
				506091111FC7B69A00DA11C9 /* AppDelegate.m in Sources */,
				506091271FC7B6DD00DA11C9 /* UIControl+FF.m in Sources */,
			);
			runOnlyForDeploymentPostprocessing = 0;
		};
/* End PBXSourcesBuildPhase section */

/* Begin PBXVariantGroup section */
		506091151FC7B69A00DA11C9 /* Main.storyboard */ = {
			isa = PBXVariantGroup;
			children = (
				506091161FC7B69A00DA11C9 /* Base */,
			);
			name = Main.storyboard;
			sourceTree = "<group>";
		};
		5060911A1FC7B69A00DA11C9 /* LaunchScreen.storyboard */ = {
			isa = PBXVariantGroup;
			children = (
				5060911B1FC7B69A00DA11C9 /* Base */,
			);
			name = LaunchScreen.storyboard;
			sourceTree = "<group>";
		};
/* End PBXVariantGroup section */

/* Begin XCBuildConfiguration section */
		506091201FC7B69A00DA11C9 /* Debug */ = {
			isa = XCBuildConfiguration;
			buildSettings = {
				ALWAYS_SEARCH_USER_PATHS = NO;
				CLANG_ANALYZER_NONNULL = YES;
				CLANG_ANALYZER_NUMBER_OBJECT_CONVERSION = YES_AGGRESSIVE;
				CLANG_CXX_LANGUAGE_STANDARD = "gnu++14";
				CLANG_CXX_LIBRARY = "libc++";
				CLANG_ENABLE_MODULES = YES;
				CLANG_ENABLE_OBJC_ARC = YES;
				CLANG_WARN_BLOCK_CAPTURE_AUTORELEASING = YES;
				CLANG_WARN_BOOL_CONVERSION = YES;
				CLANG_WARN_COMMA = YES;
				CLANG_WARN_CONSTANT_CONVERSION = YES;
				CLANG_WARN_DIRECT_OBJC_ISA_USAGE = YES_ERROR;
				CLANG_WARN_DOCUMENTATION_COMMENTS = YES;
				CLANG_WARN_EMPTY_BODY = YES;
				CLANG_WARN_ENUM_CONVERSION = YES;
				CLANG_WARN_INFINITE_RECURSION = YES;
				CLANG_WARN_INT_CONVERSION = YES;
				CLANG_WARN_NON_LITERAL_NULL_CONVERSION = YES;
				CLANG_WARN_OBJC_LITERAL_CONVERSION = YES;
				CLANG_WARN_OBJC_ROOT_CLASS = YES_ERROR;
				CLANG_WARN_RANGE_LOOP_ANALYSIS = YES;
				CLANG_WARN_STRICT_PROTOTYPES = YES;
				CLANG_WARN_SUSPICIOUS_MOVE = YES;
				CLANG_WARN_UNGUARDED_AVAILABILITY = YES_AGGRESSIVE;
				CLANG_WARN_UNREACHABLE_CODE = YES;
				CLANG_WARN__DUPLICATE_METHOD_MATCH = YES;
				CODE_SIGN_IDENTITY = "iPhone Developer";
				COPY_PHASE_STRIP = NO;
				DEBUG_INFORMATION_FORMAT = dwarf;
				ENABLE_STRICT_OBJC_MSGSEND = YES;
				ENABLE_TESTABILITY = YES;
				GCC_C_LANGUAGE_STANDARD = gnu11;
				GCC_DYNAMIC_NO_PIC = NO;
				GCC_NO_COMMON_BLOCKS = YES;
				GCC_OPTIMIZATION_LEVEL = 0;
				GCC_PREPROCESSOR_DEFINITIONS = (
					"DEBUG=1",
					"$(inherited)",
				);
				GCC_WARN_64_TO_32_BIT_CONVERSION = YES;
				GCC_WARN_ABOUT_RETURN_TYPE = YES_ERROR;
				GCC_WARN_UNDECLARED_SELECTOR = YES;
				GCC_WARN_UNINITIALIZED_AUTOS = YES_AGGRESSIVE;
				GCC_WARN_UNUSED_FUNCTION = YES;
				GCC_WARN_UNUSED_VARIABLE = YES;
				IPHONEOS_DEPLOYMENT_TARGET = 11.1;
				MTL_ENABLE_DEBUG_INFO = YES;
				ONLY_ACTIVE_ARCH = YES;
				SDKROOT = iphoneos;
			};
			name = Debug;
		};
		506091211FC7B69A00DA11C9 /* Release */ = {
			isa = XCBuildConfiguration;
			buildSettings = {
				ALWAYS_SEARCH_USER_PATHS = NO;
				CLANG_ANALYZER_NONNULL = YES;
				CLANG_ANALYZER_NUMBER_OBJECT_CONVERSION = YES_AGGRESSIVE;
				CLANG_CXX_LANGUAGE_STANDARD = "gnu++14";
				CLANG_CXX_LIBRARY = "libc++";
				CLANG_ENABLE_MODULES = YES;
				CLANG_ENABLE_OBJC_ARC = YES;
				CLANG_WARN_BLOCK_CAPTURE_AUTORELEASING = YES;
				CLANG_WARN_BOOL_CONVERSION = YES;
				CLANG_WARN_COMMA = YES;
				CLANG_WARN_CONSTANT_CONVERSION = YES;
				CLANG_WARN_DIRECT_OBJC_ISA_USAGE = YES_ERROR;
				CLANG_WARN_DOCUMENTATION_COMMENTS = YES;
				CLANG_WARN_EMPTY_BODY = YES;
				CLANG_WARN_ENUM_CONVERSION = YES;
				CLANG_WARN_INFINITE_RECURSION = YES;
				CLANG_WARN_INT_CONVERSION = YES;
				CLANG_WARN_NON_LITERAL_NULL_CONVERSION = YES;
				CLANG_WARN_OBJC_LITERAL_CONVERSION = YES;
				CLANG_WARN_OBJC_ROOT_CLASS = YES_ERROR;
				CLANG_WARN_RANGE_LOOP_ANALYSIS = YES;
				CLANG_WARN_STRICT_PROTOTYPES = YES;
				CLANG_WARN_SUSPICIOUS_MOVE = YES;
				CLANG_WARN_UNGUARDED_AVAILABILITY = YES_AGGRESSIVE;
				CLANG_WARN_UNREACHABLE_CODE = YES;
				CLANG_WARN__DUPLICATE_METHOD_MATCH = YES;
				CODE_SIGN_IDENTITY = "iPhone Developer";
				COPY_PHASE_STRIP = NO;
				DEBUG_INFORMATION_FORMAT = "dwarf-with-dsym";
				ENABLE_NS_ASSERTIONS = NO;
				ENABLE_STRICT_OBJC_MSGSEND = YES;
				GCC_C_LANGUAGE_STANDARD = gnu11;
				GCC_NO_COMMON_BLOCKS = YES;
				GCC_WARN_64_TO_32_BIT_CONVERSION = YES;
				GCC_WARN_ABOUT_RETURN_TYPE = YES_ERROR;
				GCC_WARN_UNDECLARED_SELECTOR = YES;
				GCC_WARN_UNINITIALIZED_AUTOS = YES_AGGRESSIVE;
				GCC_WARN_UNUSED_FUNCTION = YES;
				GCC_WARN_UNUSED_VARIABLE = YES;
				IPHONEOS_DEPLOYMENT_TARGET = 11.1;
				MTL_ENABLE_DEBUG_INFO = NO;
				SDKROOT = iphoneos;
				VALIDATE_PRODUCT = YES;
			};
			name = Release;
		};
		506091231FC7B69A00DA11C9 /* Debug */ = {
			isa = XCBuildConfiguration;
			buildSettings = {
				ASSETCATALOG_COMPILER_APPICON_NAME = AppIcon;
				CODE_SIGN_STYLE = Automatic;
				INFOPLIST_FILE = RuntimeButton/Info.plist;
				LD_RUNPATH_SEARCH_PATHS = "$(inherited) @executable_path/Frameworks";
				PRODUCT_BUNDLE_IDENTIFIER = fans.RuntimeButton;
				PRODUCT_NAME = "$(TARGET_NAME)";
				TARGETED_DEVICE_FAMILY = "1,2";
			};
			name = Debug;
		};
		506091241FC7B69A00DA11C9 /* Release */ = {
			isa = XCBuildConfiguration;
			buildSettings = {
				ASSETCATALOG_COMPILER_APPICON_NAME = AppIcon;
				CODE_SIGN_STYLE = Automatic;
				INFOPLIST_FILE = RuntimeButton/Info.plist;
				LD_RUNPATH_SEARCH_PATHS = "$(inherited) @executable_path/Frameworks";
				PRODUCT_BUNDLE_IDENTIFIER = fans.RuntimeButton;
				PRODUCT_NAME = "$(TARGET_NAME)";
				TARGETED_DEVICE_FAMILY = "1,2";
			};
			name = Release;
		};
/* End XCBuildConfiguration section */

/* Begin XCConfigurationList section */
		506091071FC7B69A00DA11C9 /* Build configuration list for PBXProject "RuntimeButton" */ = {
			isa = XCConfigurationList;
			buildConfigurations = (
				506091201FC7B69A00DA11C9 /* Debug */,
				506091211FC7B69A00DA11C9 /* Release */,
			);
			defaultConfigurationIsVisible = 0;
			defaultConfigurationName = Release;
		};
		506091221FC7B69A00DA11C9 /* Build configuration list for PBXNativeTarget "RuntimeButton" */ = {
			isa = XCConfigurationList;
			buildConfigurations = (
				506091231FC7B69A00DA11C9 /* Debug */,
				506091241FC7B69A00DA11C9 /* Release */,
			);
			defaultConfigurationIsVisible = 0;
			defaultConfigurationName = Release;
		};
/* End XCConfigurationList section */
	};
	rootObject = 506091041FC7B69A00DA11C9 /* Project object */;
}
